
Microsoft Visual Studio Solution File, Format Version 12.00
Project("{FAE04EC0-301F-11D3-BF4B-00C04F79EFBC}") = "T01_ChangeList", "T01_ChangeList\T01_ChangeList.csproj", "{79CFABCA-A796-420D-8223-E1FF6970239D}"
EndProject
Project("{FAE04EC0-301F-11D3-BF4B-00C04F79EFBC}") = "T02_ListOfProducts", "T02_ListOfProducts\T02_ListOfProducts.csproj", "{47E58D70-A950-4E21-8B7F-D488E0FB56A5}"
EndProject
Global
	GlobalSection(SolutionConfigurationPlatforms) = preSolution
		Debug|Any CPU = Debug|Any CPU
		Release|Any CPU = Release|Any CPU
	EndGlobalSection
	GlobalSection(ProjectConfigurationPlatforms) = postSolution
		{79CFABCA-A796-420D-8223-E1FF6970239D}.Debug|Any CPU.ActiveCfg = Debug|Any CPU
		{79CFABCA-A796-420D-8223-E1FF6970239D}.Debug|Any CPU.Build.0 = Debug|Any CPU
		{79CFABCA-A796-420D-8223-E1FF6970239D}.Release|Any CPU.ActiveCfg = Release|Any CPU
		{79CFABCA-A796-420D-8223-E1FF6970239D}.Release|Any CPU.Build.0 = Release|Any CPU
		{47E58D70-A950-4E21-8B7F-D488E0FB56A5}.Debug|Any CPU.ActiveCfg = Debug|Any CPU
		{47E58D70-A950-4E21-8B7F-D488E0FB56A5}.Debug|Any CPU.Build.0 = Debug|Any CPU
		{47E58D70-A950-4E21-8B7F-D488E0FB56A5}.Release|Any CPU.ActiveCfg = Release|Any CPU
		{47E58D70-A950-4E21-8B7F-D488E0FB56A5}.Release|Any CPU.Build.0 = Release|Any CPU
	EndGlobalSection
EndGlobal
