
Microsoft Visual Studio Solution File, Format Version 12.00
Project("{FAE04EC0-301F-11D3-BF4B-00C04F79EFBC}") = "T01_SignOfIntegerNumber", "T01_SignOfIntegerNumber\T01_SignOfIntegerNumber.csproj", "{884BCEAF-FDF9-42DF-A918-34C4EA99BAEF}"
EndProject
Project("{FAE04EC0-301F-11D3-BF4B-00C04F79EFBC}") = "T02_Grades", "T02_Grades\T02_Grades.csproj", "{498E5E1E-36BC-4F6A-84C2-25241DF6CC4F}"
EndProject
Project("{FAE04EC0-301F-11D3-BF4B-00C04F79EFBC}") = "T03_PrintingTriangle", "T03_PrintingTriangle\T03_PrintingTriangle.csproj", "{C596EDB6-A2F5-420A-81C5-E538954EEF5C}"
EndProject
Global
	GlobalSection(SolutionConfigurationPlatforms) = preSolution
		Debug|Any CPU = Debug|Any CPU
		Release|Any CPU = Release|Any CPU
	EndGlobalSection
	GlobalSection(ProjectConfigurationPlatforms) = postSolution
		{884BCEAF-FDF9-42DF-A918-34C4EA99BAEF}.Debug|Any CPU.ActiveCfg = Debug|Any CPU
		{884BCEAF-FDF9-42DF-A918-34C4EA99BAEF}.Debug|Any CPU.Build.0 = Debug|Any CPU
		{884BCEAF-FDF9-42DF-A918-34C4EA99BAEF}.Release|Any CPU.ActiveCfg = Release|Any CPU
		{884BCEAF-FDF9-42DF-A918-34C4EA99BAEF}.Release|Any CPU.Build.0 = Release|Any CPU
		{498E5E1E-36BC-4F6A-84C2-25241DF6CC4F}.Debug|Any CPU.ActiveCfg = Debug|Any CPU
		{498E5E1E-36BC-4F6A-84C2-25241DF6CC4F}.Debug|Any CPU.Build.0 = Debug|Any CPU
		{498E5E1E-36BC-4F6A-84C2-25241DF6CC4F}.Release|Any CPU.ActiveCfg = Release|Any CPU
		{498E5E1E-36BC-4F6A-84C2-25241DF6CC4F}.Release|Any CPU.Build.0 = Release|Any CPU
		{C596EDB6-A2F5-420A-81C5-E538954EEF5C}.Debug|Any CPU.ActiveCfg = Debug|Any CPU
		{C596EDB6-A2F5-420A-81C5-E538954EEF5C}.Debug|Any CPU.Build.0 = Debug|Any CPU
		{C596EDB6-A2F5-420A-81C5-E538954EEF5C}.Release|Any CPU.ActiveCfg = Release|Any CPU
		{C596EDB6-A2F5-420A-81C5-E538954EEF5C}.Release|Any CPU.Build.0 = Release|Any CPU
	EndGlobalSection
EndGlobal
