
Microsoft Visual Studio Solution File, Format Version 12.00
Project("{FAE04EC0-301F-11D3-BF4B-00C04F79EFBC}") = "T01_Train", "T01_Train\T01_Train.csproj", "{4B3D0F6A-5601-49F3-BB15-E6F7D6DF15C6}"
EndProject
Project("{FAE04EC0-301F-11D3-BF4B-00C04F79EFBC}") = "T02_HouseParty", "T02_HouseParty\T02_HouseParty.csproj", "{47ACA136-BEBE-445B-A6B4-6096E453873A}"
EndProject
Project("{FAE04EC0-301F-11D3-BF4B-00C04F79EFBC}") = "T03_ListOperations", "T03_ListOperations\T03_ListOperations.csproj", "{C000783D-0E7E-48E4-A074-082028F6D3E4}"
EndProject
Project("{FAE04EC0-301F-11D3-BF4B-00C04F79EFBC}") = "T04_ListManipulationBasics", "T04_ListManipulationBasics\T04_ListManipulationBasics.csproj", "{6641E37B-7880-4A34-9933-777143A17AF2}"
EndProject
Project("{FAE04EC0-301F-11D3-BF4B-00C04F79EFBC}") = "T05_BombNumbers", "T05_BombNumbers\T05_BombNumbers.csproj", "{AE18ACE0-F651-4E44-BC5A-FE5C97F50363}"
EndProject
Global
	GlobalSection(SolutionConfigurationPlatforms) = preSolution
		Debug|Any CPU = Debug|Any CPU
		Release|Any CPU = Release|Any CPU
	EndGlobalSection
	GlobalSection(ProjectConfigurationPlatforms) = postSolution
		{4B3D0F6A-5601-49F3-BB15-E6F7D6DF15C6}.Debug|Any CPU.ActiveCfg = Debug|Any CPU
		{4B3D0F6A-5601-49F3-BB15-E6F7D6DF15C6}.Debug|Any CPU.Build.0 = Debug|Any CPU
		{4B3D0F6A-5601-49F3-BB15-E6F7D6DF15C6}.Release|Any CPU.ActiveCfg = Release|Any CPU
		{4B3D0F6A-5601-49F3-BB15-E6F7D6DF15C6}.Release|Any CPU.Build.0 = Release|Any CPU
		{47ACA136-BEBE-445B-A6B4-6096E453873A}.Debug|Any CPU.ActiveCfg = Debug|Any CPU
		{47ACA136-BEBE-445B-A6B4-6096E453873A}.Debug|Any CPU.Build.0 = Debug|Any CPU
		{47ACA136-BEBE-445B-A6B4-6096E453873A}.Release|Any CPU.ActiveCfg = Release|Any CPU
		{47ACA136-BEBE-445B-A6B4-6096E453873A}.Release|Any CPU.Build.0 = Release|Any CPU
		{C000783D-0E7E-48E4-A074-082028F6D3E4}.Debug|Any CPU.ActiveCfg = Debug|Any CPU
		{C000783D-0E7E-48E4-A074-082028F6D3E4}.Debug|Any CPU.Build.0 = Debug|Any CPU
		{C000783D-0E7E-48E4-A074-082028F6D3E4}.Release|Any CPU.ActiveCfg = Release|Any CPU
		{C000783D-0E7E-48E4-A074-082028F6D3E4}.Release|Any CPU.Build.0 = Release|Any CPU
		{6641E37B-7880-4A34-9933-777143A17AF2}.Debug|Any CPU.ActiveCfg = Debug|Any CPU
		{6641E37B-7880-4A34-9933-777143A17AF2}.Debug|Any CPU.Build.0 = Debug|Any CPU
		{6641E37B-7880-4A34-9933-777143A17AF2}.Release|Any CPU.ActiveCfg = Release|Any CPU
		{6641E37B-7880-4A34-9933-777143A17AF2}.Release|Any CPU.Build.0 = Release|Any CPU
		{AE18ACE0-F651-4E44-BC5A-FE5C97F50363}.Debug|Any CPU.ActiveCfg = Debug|Any CPU
		{AE18ACE0-F651-4E44-BC5A-FE5C97F50363}.Debug|Any CPU.Build.0 = Debug|Any CPU
		{AE18ACE0-F651-4E44-BC5A-FE5C97F50363}.Release|Any CPU.ActiveCfg = Release|Any CPU
		{AE18ACE0-F651-4E44-BC5A-FE5C97F50363}.Release|Any CPU.Build.0 = Release|Any CPU
	EndGlobalSection
EndGlobal
