
Microsoft Visual Studio Solution File, Format Version 12.00
Project("{FAE04EC0-301F-11D3-BF4B-00C04F79EFBC}") = "T01_NumbersInRange", "T01_NumbersInRange\T01_NumbersInRange.csproj", "{63DA69E3-1217-4E71-850F-03EEAE7E6FA9}"
EndProject
Project("{FAE04EC0-301F-11D3-BF4B-00C04F79EFBC}") = "T02_FirstNNumbersSum", "T02_FirstNNumbersSum\T02_FirstNNumbersSum.csproj", "{2FB8DA05-DFC4-4629-B21D-85A47DC6C49F}"
EndProject
Project("{FAE04EC0-301F-11D3-BF4B-00C04F79EFBC}") = "T03_SumNumbers", "T03_SumNumbers\T03_SumNumbers.csproj", "{FB9E673A-3F33-4696-9E07-216D1E96FCC6}"
EndProject
Project("{FAE04EC0-301F-11D3-BF4B-00C04F79EFBC}") = "T04_NumbersEndingInSeven", "T04_NumbersEndingInSeven\T04_NumbersEndingInSeven.csproj", "{88E579A3-1BE2-4447-AD66-F3C00D189A16}"
EndProject
Global
	GlobalSection(SolutionConfigurationPlatforms) = preSolution
		Debug|Any CPU = Debug|Any CPU
		Release|Any CPU = Release|Any CPU
	EndGlobalSection
	GlobalSection(ProjectConfigurationPlatforms) = postSolution
		{63DA69E3-1217-4E71-850F-03EEAE7E6FA9}.Debug|Any CPU.ActiveCfg = Debug|Any CPU
		{63DA69E3-1217-4E71-850F-03EEAE7E6FA9}.Debug|Any CPU.Build.0 = Debug|Any CPU
		{63DA69E3-1217-4E71-850F-03EEAE7E6FA9}.Release|Any CPU.ActiveCfg = Release|Any CPU
		{63DA69E3-1217-4E71-850F-03EEAE7E6FA9}.Release|Any CPU.Build.0 = Release|Any CPU
		{2FB8DA05-DFC4-4629-B21D-85A47DC6C49F}.Debug|Any CPU.ActiveCfg = Debug|Any CPU
		{2FB8DA05-DFC4-4629-B21D-85A47DC6C49F}.Debug|Any CPU.Build.0 = Debug|Any CPU
		{2FB8DA05-DFC4-4629-B21D-85A47DC6C49F}.Release|Any CPU.ActiveCfg = Release|Any CPU
		{2FB8DA05-DFC4-4629-B21D-85A47DC6C49F}.Release|Any CPU.Build.0 = Release|Any CPU
		{FB9E673A-3F33-4696-9E07-216D1E96FCC6}.Debug|Any CPU.ActiveCfg = Debug|Any CPU
		{FB9E673A-3F33-4696-9E07-216D1E96FCC6}.Debug|Any CPU.Build.0 = Debug|Any CPU
		{FB9E673A-3F33-4696-9E07-216D1E96FCC6}.Release|Any CPU.ActiveCfg = Release|Any CPU
		{FB9E673A-3F33-4696-9E07-216D1E96FCC6}.Release|Any CPU.Build.0 = Release|Any CPU
		{88E579A3-1BE2-4447-AD66-F3C00D189A16}.Debug|Any CPU.ActiveCfg = Debug|Any CPU
		{88E579A3-1BE2-4447-AD66-F3C00D189A16}.Debug|Any CPU.Build.0 = Debug|Any CPU
		{88E579A3-1BE2-4447-AD66-F3C00D189A16}.Release|Any CPU.ActiveCfg = Release|Any CPU
		{88E579A3-1BE2-4447-AD66-F3C00D189A16}.Release|Any CPU.Build.0 = Release|Any CPU
	EndGlobalSection
EndGlobal
