
Microsoft Visual Studio Solution File, Format Version 12.00
Project("{FAE04EC0-301F-11D3-BF4B-00C04F79EFBC}") = "T01_EqualArrays", "T01_EqualArrays\T01_EqualArrays.csproj", "{4184A884-EBDB-4C40-9BD0-FDECC3789A3A}"
EndProject
Project("{FAE04EC0-301F-11D3-BF4B-00C04F79EFBC}") = "T02_CommonElements", "T02_CommonElements\T02_CommonElements.csproj", "{7BF297B0-A64D-4F49-B4D2-D0C2CC205FEA}"
EndProject
Project("{FAE04EC0-301F-11D3-BF4B-00C04F79EFBC}") = "T03_CondenseArrayToNumber", "T03_CondenseArrayToNumber\T03_CondenseArrayToNumber.csproj", "{AA699779-A20A-4C4F-9FF2-BE93C1955D24}"
EndProject
Project("{FAE04EC0-301F-11D3-BF4B-00C04F79EFBC}") = "T04_MagicSum", "T04_MagicSum\T04_MagicSum.csproj", "{261FD862-050C-4473-A4B6-8C9FB0F7C79C}"
EndProject
Project("{FAE04EC0-301F-11D3-BF4B-00C04F79EFBC}") = "T05_ZigZagArrays", "T05_ZigZagArrays\T05_ZigZagArrays.csproj", "{18B8BD07-4F37-425E-BAD2-FDCDB2F49A54}"
EndProject
Project("{FAE04EC0-301F-11D3-BF4B-00C04F79EFBC}") = "T06_ArrayRotation", "T06_ArrayRotation\T06_ArrayRotation.csproj", "{6D44A8D0-ED97-4857-B724-AA61B381F8CA}"
EndProject
Project("{FAE04EC0-301F-11D3-BF4B-00C04F79EFBC}") = "T07_TopIntegers", "T07_TopIntegers\T07_TopIntegers.csproj", "{22CD1335-2D81-4076-9685-B5C8B8ECFFDF}"
EndProject
Global
	GlobalSection(SolutionConfigurationPlatforms) = preSolution
		Debug|Any CPU = Debug|Any CPU
		Release|Any CPU = Release|Any CPU
	EndGlobalSection
	GlobalSection(ProjectConfigurationPlatforms) = postSolution
		{4184A884-EBDB-4C40-9BD0-FDECC3789A3A}.Debug|Any CPU.ActiveCfg = Debug|Any CPU
		{4184A884-EBDB-4C40-9BD0-FDECC3789A3A}.Debug|Any CPU.Build.0 = Debug|Any CPU
		{4184A884-EBDB-4C40-9BD0-FDECC3789A3A}.Release|Any CPU.ActiveCfg = Release|Any CPU
		{4184A884-EBDB-4C40-9BD0-FDECC3789A3A}.Release|Any CPU.Build.0 = Release|Any CPU
		{7BF297B0-A64D-4F49-B4D2-D0C2CC205FEA}.Debug|Any CPU.ActiveCfg = Debug|Any CPU
		{7BF297B0-A64D-4F49-B4D2-D0C2CC205FEA}.Debug|Any CPU.Build.0 = Debug|Any CPU
		{7BF297B0-A64D-4F49-B4D2-D0C2CC205FEA}.Release|Any CPU.ActiveCfg = Release|Any CPU
		{7BF297B0-A64D-4F49-B4D2-D0C2CC205FEA}.Release|Any CPU.Build.0 = Release|Any CPU
		{AA699779-A20A-4C4F-9FF2-BE93C1955D24}.Debug|Any CPU.ActiveCfg = Debug|Any CPU
		{AA699779-A20A-4C4F-9FF2-BE93C1955D24}.Debug|Any CPU.Build.0 = Debug|Any CPU
		{AA699779-A20A-4C4F-9FF2-BE93C1955D24}.Release|Any CPU.ActiveCfg = Release|Any CPU
		{AA699779-A20A-4C4F-9FF2-BE93C1955D24}.Release|Any CPU.Build.0 = Release|Any CPU
		{261FD862-050C-4473-A4B6-8C9FB0F7C79C}.Debug|Any CPU.ActiveCfg = Debug|Any CPU
		{261FD862-050C-4473-A4B6-8C9FB0F7C79C}.Debug|Any CPU.Build.0 = Debug|Any CPU
		{261FD862-050C-4473-A4B6-8C9FB0F7C79C}.Release|Any CPU.ActiveCfg = Release|Any CPU
		{261FD862-050C-4473-A4B6-8C9FB0F7C79C}.Release|Any CPU.Build.0 = Release|Any CPU
		{18B8BD07-4F37-425E-BAD2-FDCDB2F49A54}.Debug|Any CPU.ActiveCfg = Debug|Any CPU
		{18B8BD07-4F37-425E-BAD2-FDCDB2F49A54}.Debug|Any CPU.Build.0 = Debug|Any CPU
		{18B8BD07-4F37-425E-BAD2-FDCDB2F49A54}.Release|Any CPU.ActiveCfg = Release|Any CPU
		{18B8BD07-4F37-425E-BAD2-FDCDB2F49A54}.Release|Any CPU.Build.0 = Release|Any CPU
		{6D44A8D0-ED97-4857-B724-AA61B381F8CA}.Debug|Any CPU.ActiveCfg = Debug|Any CPU
		{6D44A8D0-ED97-4857-B724-AA61B381F8CA}.Debug|Any CPU.Build.0 = Debug|Any CPU
		{6D44A8D0-ED97-4857-B724-AA61B381F8CA}.Release|Any CPU.ActiveCfg = Release|Any CPU
		{6D44A8D0-ED97-4857-B724-AA61B381F8CA}.Release|Any CPU.Build.0 = Release|Any CPU
		{22CD1335-2D81-4076-9685-B5C8B8ECFFDF}.Debug|Any CPU.ActiveCfg = Debug|Any CPU
		{22CD1335-2D81-4076-9685-B5C8B8ECFFDF}.Debug|Any CPU.Build.0 = Debug|Any CPU
		{22CD1335-2D81-4076-9685-B5C8B8ECFFDF}.Release|Any CPU.ActiveCfg = Release|Any CPU
		{22CD1335-2D81-4076-9685-B5C8B8ECFFDF}.Release|Any CPU.Build.0 = Release|Any CPU
	EndGlobalSection
EndGlobal
