
Microsoft Visual Studio Solution File, Format Version 12.00
Project("{FAE04EC0-301F-11D3-BF4B-00C04F79EFBC}") = "T01_HelloCSharp", "T01_HelloCSharp\T01_HelloCSharp.csproj", "{C8F34C6E-28D2-45FB-BF13-F56EEE4206D1}"
EndProject
Project("{FAE04EC0-301F-11D3-BF4B-00C04F79EFBC}") = "T02_PrintMultiplication", "T02_PrintMultiplication\T02_PrintMultiplication.csproj", "{A7A06469-36EF-4194-AFA4-9A4375876A98}"
EndProject
Project("{FAE04EC0-301F-11D3-BF4B-00C04F79EFBC}") = "T03_NameAndExpression", "T03_NameAndExpression\T03_NameAndExpression.csproj", "{A811D786-91D2-4A6B-8D65-CFDFB0D8A329}"
EndProject
Project("{FAE04EC0-301F-11D3-BF4B-00C04F79EFBC}") = "T04_Calculations", "T04_Calculations\T04_Calculations.csproj", "{5B7DFCCF-983F-4584-A8D0-459204E0FDE0}"
EndProject
Project("{FAE04EC0-301F-11D3-BF4B-00C04F79EFBC}") = "T05_Greeting", "T05_Greeting\T05_Greeting.csproj", "{8B6B6488-7BA0-4604-BCF7-E01E43D86646}"
EndProject
Project("{FAE04EC0-301F-11D3-BF4B-00C04F79EFBC}") = "T06_CustomerInfo", "T06_CustomerInfo\T06_CustomerInfo.csproj", "{E0A7128D-58AF-4542-AC35-2BE3322D1BEF}"
EndProject
Project("{FAE04EC0-301F-11D3-BF4B-00C04F79EFBC}") = "T07_PersonInfo", "T07_PersonInfo\T07_PersonInfo.csproj", "{9768551A-0A85-4826-8F67-51D36D3905F8}"
EndProject
Project("{FAE04EC0-301F-11D3-BF4B-00C04F79EFBC}") = "T08_TownInfo", "T08_TownInfo\T08_TownInfo.csproj", "{DBF98784-D7C4-4988-BFCB-A8E31BE5A96C}"
EndProject
Project("{FAE04EC0-301F-11D3-BF4B-00C04F79EFBC}") = "T09_DaysToMinutes", "T09_DaysToMinutes\T09_DaysToMinutes.csproj", "{7949E948-00F2-40B1-BFCE-1C3838A4D791}"
EndProject
Project("{FAE04EC0-301F-11D3-BF4B-00C04F79EFBC}") = "T10_CalculateSpeed", "T10_CalculateSpeed\T10_CalculateSpeed.csproj", "{EDE51896-8941-4758-8BCF-AECE4AE68843}"
EndProject
Global
	GlobalSection(SolutionConfigurationPlatforms) = preSolution
		Debug|Any CPU = Debug|Any CPU
		Release|Any CPU = Release|Any CPU
	EndGlobalSection
	GlobalSection(ProjectConfigurationPlatforms) = postSolution
		{C8F34C6E-28D2-45FB-BF13-F56EEE4206D1}.Debug|Any CPU.ActiveCfg = Debug|Any CPU
		{C8F34C6E-28D2-45FB-BF13-F56EEE4206D1}.Debug|Any CPU.Build.0 = Debug|Any CPU
		{C8F34C6E-28D2-45FB-BF13-F56EEE4206D1}.Release|Any CPU.ActiveCfg = Release|Any CPU
		{C8F34C6E-28D2-45FB-BF13-F56EEE4206D1}.Release|Any CPU.Build.0 = Release|Any CPU
		{A7A06469-36EF-4194-AFA4-9A4375876A98}.Debug|Any CPU.ActiveCfg = Debug|Any CPU
		{A7A06469-36EF-4194-AFA4-9A4375876A98}.Debug|Any CPU.Build.0 = Debug|Any CPU
		{A7A06469-36EF-4194-AFA4-9A4375876A98}.Release|Any CPU.ActiveCfg = Release|Any CPU
		{A7A06469-36EF-4194-AFA4-9A4375876A98}.Release|Any CPU.Build.0 = Release|Any CPU
		{A811D786-91D2-4A6B-8D65-CFDFB0D8A329}.Debug|Any CPU.ActiveCfg = Debug|Any CPU
		{A811D786-91D2-4A6B-8D65-CFDFB0D8A329}.Debug|Any CPU.Build.0 = Debug|Any CPU
		{A811D786-91D2-4A6B-8D65-CFDFB0D8A329}.Release|Any CPU.ActiveCfg = Release|Any CPU
		{A811D786-91D2-4A6B-8D65-CFDFB0D8A329}.Release|Any CPU.Build.0 = Release|Any CPU
		{5B7DFCCF-983F-4584-A8D0-459204E0FDE0}.Debug|Any CPU.ActiveCfg = Debug|Any CPU
		{5B7DFCCF-983F-4584-A8D0-459204E0FDE0}.Debug|Any CPU.Build.0 = Debug|Any CPU
		{5B7DFCCF-983F-4584-A8D0-459204E0FDE0}.Release|Any CPU.ActiveCfg = Release|Any CPU
		{5B7DFCCF-983F-4584-A8D0-459204E0FDE0}.Release|Any CPU.Build.0 = Release|Any CPU
		{8B6B6488-7BA0-4604-BCF7-E01E43D86646}.Debug|Any CPU.ActiveCfg = Debug|Any CPU
		{8B6B6488-7BA0-4604-BCF7-E01E43D86646}.Debug|Any CPU.Build.0 = Debug|Any CPU
		{8B6B6488-7BA0-4604-BCF7-E01E43D86646}.Release|Any CPU.ActiveCfg = Release|Any CPU
		{8B6B6488-7BA0-4604-BCF7-E01E43D86646}.Release|Any CPU.Build.0 = Release|Any CPU
		{E0A7128D-58AF-4542-AC35-2BE3322D1BEF}.Debug|Any CPU.ActiveCfg = Debug|Any CPU
		{E0A7128D-58AF-4542-AC35-2BE3322D1BEF}.Debug|Any CPU.Build.0 = Debug|Any CPU
		{E0A7128D-58AF-4542-AC35-2BE3322D1BEF}.Release|Any CPU.ActiveCfg = Release|Any CPU
		{E0A7128D-58AF-4542-AC35-2BE3322D1BEF}.Release|Any CPU.Build.0 = Release|Any CPU
		{9768551A-0A85-4826-8F67-51D36D3905F8}.Debug|Any CPU.ActiveCfg = Debug|Any CPU
		{9768551A-0A85-4826-8F67-51D36D3905F8}.Debug|Any CPU.Build.0 = Debug|Any CPU
		{9768551A-0A85-4826-8F67-51D36D3905F8}.Release|Any CPU.ActiveCfg = Release|Any CPU
		{9768551A-0A85-4826-8F67-51D36D3905F8}.Release|Any CPU.Build.0 = Release|Any CPU
		{DBF98784-D7C4-4988-BFCB-A8E31BE5A96C}.Debug|Any CPU.ActiveCfg = Debug|Any CPU
		{DBF98784-D7C4-4988-BFCB-A8E31BE5A96C}.Debug|Any CPU.Build.0 = Debug|Any CPU
		{DBF98784-D7C4-4988-BFCB-A8E31BE5A96C}.Release|Any CPU.ActiveCfg = Release|Any CPU
		{DBF98784-D7C4-4988-BFCB-A8E31BE5A96C}.Release|Any CPU.Build.0 = Release|Any CPU
		{7949E948-00F2-40B1-BFCE-1C3838A4D791}.Debug|Any CPU.ActiveCfg = Debug|Any CPU
		{7949E948-00F2-40B1-BFCE-1C3838A4D791}.Debug|Any CPU.Build.0 = Debug|Any CPU
		{7949E948-00F2-40B1-BFCE-1C3838A4D791}.Release|Any CPU.ActiveCfg = Release|Any CPU
		{7949E948-00F2-40B1-BFCE-1C3838A4D791}.Release|Any CPU.Build.0 = Release|Any CPU
		{EDE51896-8941-4758-8BCF-AECE4AE68843}.Debug|Any CPU.ActiveCfg = Debug|Any CPU
		{EDE51896-8941-4758-8BCF-AECE4AE68843}.Debug|Any CPU.Build.0 = Debug|Any CPU
		{EDE51896-8941-4758-8BCF-AECE4AE68843}.Release|Any CPU.ActiveCfg = Release|Any CPU
		{EDE51896-8941-4758-8BCF-AECE4AE68843}.Release|Any CPU.Build.0 = Release|Any CPU
	EndGlobalSection
EndGlobal
