
Microsoft Visual Studio Solution File, Format Version 12.00
Project("{FAE04EC0-301F-11D3-BF4B-00C04F79EFBC}") = "T01_PowerOfNumber", "T01_PowerOfNumber\T01_PowerOfNumber.csproj", "{7AA985D6-2541-4636-B05B-1FFBD66C6460}"
EndProject
Project("{FAE04EC0-301F-11D3-BF4B-00C04F79EFBC}") = "T02_MultiplicationTable", "T02_MultiplicationTable\T02_MultiplicationTable.csproj", "{098C273C-C818-4A07-9625-4A856DD3DEC3}"
EndProject
Project("{FAE04EC0-301F-11D3-BF4B-00C04F79EFBC}") = "T03_BiggestNumber", "T03_BiggestNumber\T03_BiggestNumber.csproj", "{89CDBEED-8A23-4310-AA79-22435576DB20}"
EndProject
Project("{FAE04EC0-301F-11D3-BF4B-00C04F79EFBC}") = "T04_VowelSum", "T04_VowelSum\T04_VowelSum.csproj", "{F0BC5B5B-3EF4-4E5A-B271-746AEE985A1A}"
EndProject
Global
	GlobalSection(SolutionConfigurationPlatforms) = preSolution
		Debug|Any CPU = Debug|Any CPU
		Release|Any CPU = Release|Any CPU
	EndGlobalSection
	GlobalSection(ProjectConfigurationPlatforms) = postSolution
		{7AA985D6-2541-4636-B05B-1FFBD66C6460}.Debug|Any CPU.ActiveCfg = Debug|Any CPU
		{7AA985D6-2541-4636-B05B-1FFBD66C6460}.Debug|Any CPU.Build.0 = Debug|Any CPU
		{7AA985D6-2541-4636-B05B-1FFBD66C6460}.Release|Any CPU.ActiveCfg = Release|Any CPU
		{7AA985D6-2541-4636-B05B-1FFBD66C6460}.Release|Any CPU.Build.0 = Release|Any CPU
		{098C273C-C818-4A07-9625-4A856DD3DEC3}.Debug|Any CPU.ActiveCfg = Debug|Any CPU
		{098C273C-C818-4A07-9625-4A856DD3DEC3}.Debug|Any CPU.Build.0 = Debug|Any CPU
		{098C273C-C818-4A07-9625-4A856DD3DEC3}.Release|Any CPU.ActiveCfg = Release|Any CPU
		{098C273C-C818-4A07-9625-4A856DD3DEC3}.Release|Any CPU.Build.0 = Release|Any CPU
		{89CDBEED-8A23-4310-AA79-22435576DB20}.Debug|Any CPU.ActiveCfg = Debug|Any CPU
		{89CDBEED-8A23-4310-AA79-22435576DB20}.Debug|Any CPU.Build.0 = Debug|Any CPU
		{89CDBEED-8A23-4310-AA79-22435576DB20}.Release|Any CPU.ActiveCfg = Release|Any CPU
		{89CDBEED-8A23-4310-AA79-22435576DB20}.Release|Any CPU.Build.0 = Release|Any CPU
		{F0BC5B5B-3EF4-4E5A-B271-746AEE985A1A}.Debug|Any CPU.ActiveCfg = Debug|Any CPU
		{F0BC5B5B-3EF4-4E5A-B271-746AEE985A1A}.Debug|Any CPU.Build.0 = Debug|Any CPU
		{F0BC5B5B-3EF4-4E5A-B271-746AEE985A1A}.Release|Any CPU.ActiveCfg = Release|Any CPU
		{F0BC5B5B-3EF4-4E5A-B271-746AEE985A1A}.Release|Any CPU.Build.0 = Release|Any CPU
	EndGlobalSection
EndGlobal
