
Microsoft Visual Studio Solution File, Format Version 12.00
Project("{FAE04EC0-301F-11D3-BF4B-00C04F79EFBC}") = "T01_NumbersOneToHundred", "T01_NumbersOneToHundred\T01_NumbersOneToHundred.csproj", "{15762C28-0FBC-48A2-803E-9188FB87C5F9}"
EndProject
Project("{FAE04EC0-301F-11D3-BF4B-00C04F79EFBC}") = "T02_DecreasingNumbers", "T02_DecreasingNumbers\T02_DecreasingNumbers.csproj", "{8350AF65-D3AE-49FF-8B47-632950628366}"
EndProject
Project("{FAE04EC0-301F-11D3-BF4B-00C04F79EFBC}") = "T03_OddNumber", "T03_OddNumber\T03_OddNumber.csproj", "{2CD7877E-3916-4A5C-8849-F7A2B28DBD24}"
EndProject
Project("{FAE04EC0-301F-11D3-BF4B-00C04F79EFBC}") = "T04_Sequence", "T04_Sequence\T04_Sequence.csproj", "{D6C44CCC-EC6E-4E5C-B173-8C9DD010313E}"
EndProject
Project("{FAE04EC0-301F-11D3-BF4B-00C04F79EFBC}") = "T05_SumDigits", "T05_SumDigits\T05_SumDigits.csproj", "{9B87F148-0EC2-46AE-84F0-B6DA8D2F19A5}"
EndProject
Project("{FAE04EC0-301F-11D3-BF4B-00C04F79EFBC}") = "T06_NumbersInRange", "T06_NumbersInRange\T06_NumbersInRange.csproj", "{DCA380B9-A6C9-455F-A584-25D350191058}"
EndProject
Project("{FAE04EC0-301F-11D3-BF4B-00C04F79EFBC}") = "T07_NumberProcessor", "T07_NumberProcessor\T07_NumberProcessor.csproj", "{889BE46D-0AB6-4096-BB00-EDFA9D6FC05E}"
EndProject
Global
	GlobalSection(SolutionConfigurationPlatforms) = preSolution
		Debug|Any CPU = Debug|Any CPU
		Release|Any CPU = Release|Any CPU
	EndGlobalSection
	GlobalSection(ProjectConfigurationPlatforms) = postSolution
		{15762C28-0FBC-48A2-803E-9188FB87C5F9}.Debug|Any CPU.ActiveCfg = Debug|Any CPU
		{15762C28-0FBC-48A2-803E-9188FB87C5F9}.Debug|Any CPU.Build.0 = Debug|Any CPU
		{15762C28-0FBC-48A2-803E-9188FB87C5F9}.Release|Any CPU.ActiveCfg = Release|Any CPU
		{15762C28-0FBC-48A2-803E-9188FB87C5F9}.Release|Any CPU.Build.0 = Release|Any CPU
		{8350AF65-D3AE-49FF-8B47-632950628366}.Debug|Any CPU.ActiveCfg = Debug|Any CPU
		{8350AF65-D3AE-49FF-8B47-632950628366}.Debug|Any CPU.Build.0 = Debug|Any CPU
		{8350AF65-D3AE-49FF-8B47-632950628366}.Release|Any CPU.ActiveCfg = Release|Any CPU
		{8350AF65-D3AE-49FF-8B47-632950628366}.Release|Any CPU.Build.0 = Release|Any CPU
		{2CD7877E-3916-4A5C-8849-F7A2B28DBD24}.Debug|Any CPU.ActiveCfg = Debug|Any CPU
		{2CD7877E-3916-4A5C-8849-F7A2B28DBD24}.Debug|Any CPU.Build.0 = Debug|Any CPU
		{2CD7877E-3916-4A5C-8849-F7A2B28DBD24}.Release|Any CPU.ActiveCfg = Release|Any CPU
		{2CD7877E-3916-4A5C-8849-F7A2B28DBD24}.Release|Any CPU.Build.0 = Release|Any CPU
		{D6C44CCC-EC6E-4E5C-B173-8C9DD010313E}.Debug|Any CPU.ActiveCfg = Debug|Any CPU
		{D6C44CCC-EC6E-4E5C-B173-8C9DD010313E}.Debug|Any CPU.Build.0 = Debug|Any CPU
		{D6C44CCC-EC6E-4E5C-B173-8C9DD010313E}.Release|Any CPU.ActiveCfg = Release|Any CPU
		{D6C44CCC-EC6E-4E5C-B173-8C9DD010313E}.Release|Any CPU.Build.0 = Release|Any CPU
		{9B87F148-0EC2-46AE-84F0-B6DA8D2F19A5}.Debug|Any CPU.ActiveCfg = Debug|Any CPU
		{9B87F148-0EC2-46AE-84F0-B6DA8D2F19A5}.Debug|Any CPU.Build.0 = Debug|Any CPU
		{9B87F148-0EC2-46AE-84F0-B6DA8D2F19A5}.Release|Any CPU.ActiveCfg = Release|Any CPU
		{9B87F148-0EC2-46AE-84F0-B6DA8D2F19A5}.Release|Any CPU.Build.0 = Release|Any CPU
		{DCA380B9-A6C9-455F-A584-25D350191058}.Debug|Any CPU.ActiveCfg = Debug|Any CPU
		{DCA380B9-A6C9-455F-A584-25D350191058}.Debug|Any CPU.Build.0 = Debug|Any CPU
		{DCA380B9-A6C9-455F-A584-25D350191058}.Release|Any CPU.ActiveCfg = Release|Any CPU
		{DCA380B9-A6C9-455F-A584-25D350191058}.Release|Any CPU.Build.0 = Release|Any CPU
		{889BE46D-0AB6-4096-BB00-EDFA9D6FC05E}.Debug|Any CPU.ActiveCfg = Debug|Any CPU
		{889BE46D-0AB6-4096-BB00-EDFA9D6FC05E}.Debug|Any CPU.Build.0 = Debug|Any CPU
		{889BE46D-0AB6-4096-BB00-EDFA9D6FC05E}.Release|Any CPU.ActiveCfg = Release|Any CPU
		{889BE46D-0AB6-4096-BB00-EDFA9D6FC05E}.Release|Any CPU.Build.0 = Release|Any CPU
	EndGlobalSection
EndGlobal
