
Microsoft Visual Studio Solution File, Format Version 12.00
Project("{FAE04EC0-301F-11D3-BF4B-00C04F79EFBC}") = "T01_NumbersFromNToOne", "T01_NumbersFromNToOne\T01_NumbersFromNToOne.csproj", "{52446A09-DC0F-4704-A076-C9165F3FBBA9}"
EndProject
Project("{FAE04EC0-301F-11D3-BF4B-00C04F79EFBC}") = "T02_EvenPowersOfTwo", "T02_EvenPowersOfTwo\T02_EvenPowersOfTwo.csproj", "{5235F224-3CB4-4E23-B43A-EEEAD885EFD0}"
EndProject
Project("{FAE04EC0-301F-11D3-BF4B-00C04F79EFBC}") = "T03_TriangleOfStars", "T03_TriangleOfStars\T03_TriangleOfStars.csproj", "{0A840E59-067D-4C88-B625-6B682CAB293C}"
EndProject
Project("{FAE04EC0-301F-11D3-BF4B-00C04F79EFBC}") = "T04_Building", "T04_Building\T04_Building.csproj", "{9A98EA64-6641-4470-97D1-668130BB233F}"
EndProject
Project("{FAE04EC0-301F-11D3-BF4B-00C04F79EFBC}") = "T05_NumbersPyramid", "T05_NumbersPyramid\T05_NumbersPyramid.csproj", "{D89B6CD2-69C7-4BAE-A71F-D3205CC33E14}"
EndProject
Project("{FAE04EC0-301F-11D3-BF4B-00C04F79EFBC}") = "T06_TravelSavings", "T06_TravelSavings\T06_TravelSavings.csproj", "{4412F195-D74F-4FF3-9124-6BB270435623}"
EndProject
Project("{FAE04EC0-301F-11D3-BF4B-00C04F79EFBC}") = "T07_SumOfDigitsCalculator", "T07_SumOfDigitsCalculator\T07_SumOfDigitsCalculator.csproj", "{41CA7176-4315-435A-BF19-3B8256B38AAE}"
EndProject
Project("{FAE04EC0-301F-11D3-BF4B-00C04F79EFBC}") = "T08_PrimeNumbers", "T08_PrimeNumbers\T08_PrimeNumbers.csproj", "{E9DDCD6D-415D-4979-B67D-3FDDBB76DE64}"
EndProject
Global
	GlobalSection(SolutionConfigurationPlatforms) = preSolution
		Debug|Any CPU = Debug|Any CPU
		Release|Any CPU = Release|Any CPU
	EndGlobalSection
	GlobalSection(ProjectConfigurationPlatforms) = postSolution
		{52446A09-DC0F-4704-A076-C9165F3FBBA9}.Debug|Any CPU.ActiveCfg = Debug|Any CPU
		{52446A09-DC0F-4704-A076-C9165F3FBBA9}.Debug|Any CPU.Build.0 = Debug|Any CPU
		{52446A09-DC0F-4704-A076-C9165F3FBBA9}.Release|Any CPU.ActiveCfg = Release|Any CPU
		{52446A09-DC0F-4704-A076-C9165F3FBBA9}.Release|Any CPU.Build.0 = Release|Any CPU
		{5235F224-3CB4-4E23-B43A-EEEAD885EFD0}.Debug|Any CPU.ActiveCfg = Debug|Any CPU
		{5235F224-3CB4-4E23-B43A-EEEAD885EFD0}.Debug|Any CPU.Build.0 = Debug|Any CPU
		{5235F224-3CB4-4E23-B43A-EEEAD885EFD0}.Release|Any CPU.ActiveCfg = Release|Any CPU
		{5235F224-3CB4-4E23-B43A-EEEAD885EFD0}.Release|Any CPU.Build.0 = Release|Any CPU
		{0A840E59-067D-4C88-B625-6B682CAB293C}.Debug|Any CPU.ActiveCfg = Debug|Any CPU
		{0A840E59-067D-4C88-B625-6B682CAB293C}.Debug|Any CPU.Build.0 = Debug|Any CPU
		{0A840E59-067D-4C88-B625-6B682CAB293C}.Release|Any CPU.ActiveCfg = Release|Any CPU
		{0A840E59-067D-4C88-B625-6B682CAB293C}.Release|Any CPU.Build.0 = Release|Any CPU
		{9A98EA64-6641-4470-97D1-668130BB233F}.Debug|Any CPU.ActiveCfg = Debug|Any CPU
		{9A98EA64-6641-4470-97D1-668130BB233F}.Debug|Any CPU.Build.0 = Debug|Any CPU
		{9A98EA64-6641-4470-97D1-668130BB233F}.Release|Any CPU.ActiveCfg = Release|Any CPU
		{9A98EA64-6641-4470-97D1-668130BB233F}.Release|Any CPU.Build.0 = Release|Any CPU
		{D89B6CD2-69C7-4BAE-A71F-D3205CC33E14}.Debug|Any CPU.ActiveCfg = Debug|Any CPU
		{D89B6CD2-69C7-4BAE-A71F-D3205CC33E14}.Debug|Any CPU.Build.0 = Debug|Any CPU
		{D89B6CD2-69C7-4BAE-A71F-D3205CC33E14}.Release|Any CPU.ActiveCfg = Release|Any CPU
		{D89B6CD2-69C7-4BAE-A71F-D3205CC33E14}.Release|Any CPU.Build.0 = Release|Any CPU
		{4412F195-D74F-4FF3-9124-6BB270435623}.Debug|Any CPU.ActiveCfg = Debug|Any CPU
		{4412F195-D74F-4FF3-9124-6BB270435623}.Debug|Any CPU.Build.0 = Debug|Any CPU
		{4412F195-D74F-4FF3-9124-6BB270435623}.Release|Any CPU.ActiveCfg = Release|Any CPU
		{4412F195-D74F-4FF3-9124-6BB270435623}.Release|Any CPU.Build.0 = Release|Any CPU
		{41CA7176-4315-435A-BF19-3B8256B38AAE}.Debug|Any CPU.ActiveCfg = Debug|Any CPU
		{41CA7176-4315-435A-BF19-3B8256B38AAE}.Debug|Any CPU.Build.0 = Debug|Any CPU
		{41CA7176-4315-435A-BF19-3B8256B38AAE}.Release|Any CPU.ActiveCfg = Release|Any CPU
		{41CA7176-4315-435A-BF19-3B8256B38AAE}.Release|Any CPU.Build.0 = Release|Any CPU
		{E9DDCD6D-415D-4979-B67D-3FDDBB76DE64}.Debug|Any CPU.ActiveCfg = Debug|Any CPU
		{E9DDCD6D-415D-4979-B67D-3FDDBB76DE64}.Debug|Any CPU.Build.0 = Debug|Any CPU
		{E9DDCD6D-415D-4979-B67D-3FDDBB76DE64}.Release|Any CPU.ActiveCfg = Release|Any CPU
		{E9DDCD6D-415D-4979-B67D-3FDDBB76DE64}.Release|Any CPU.Build.0 = Release|Any CPU
	EndGlobalSection
EndGlobal
